
Microsoft Visual Studio Solution File, Format Version 12.00
# Visual Studio 15
VisualStudioVersion = 15.0.28307.489
MinimumVisualStudioVersion = 10.0.40219.1
Project("{FAE04EC0-301F-11D3-BF4B-00C04F79EFBC}") = "ProyectoGavilanch", "ProyectoGavilanch\ProyectoGavilanch.csproj", "{F0F811C9-28E4-4615-A9DB-0F73A733298D}"
EndProject
Project("{FAE04EC0-301F-11D3-BF4B-00C04F79EFBC}") = "ModeloDatos", "ModeloDatos\ModeloDatos.csproj", "{435A769D-0D06-4FDE-AB22-28F78B298216}"
EndProject
Global
	GlobalSection(SolutionConfigurationPlatforms) = preSolution
		Debug|Any CPU = Debug|Any CPU
		Release|Any CPU = Release|Any CPU
	EndGlobalSection
	GlobalSection(ProjectConfigurationPlatforms) = postSolution
		{F0F811C9-28E4-4615-A9DB-0F73A733298D}.Debug|Any CPU.ActiveCfg = Debug|Any CPU
		{F0F811C9-28E4-4615-A9DB-0F73A733298D}.Debug|Any CPU.Build.0 = Debug|Any CPU
		{F0F811C9-28E4-4615-A9DB-0F73A733298D}.Release|Any CPU.ActiveCfg = Release|Any CPU
		{F0F811C9-28E4-4615-A9DB-0F73A733298D}.Release|Any CPU.Build.0 = Release|Any CPU
		{435A769D-0D06-4FDE-AB22-28F78B298216}.Debug|Any CPU.ActiveCfg = Debug|Any CPU
		{435A769D-0D06-4FDE-AB22-28F78B298216}.Debug|Any CPU.Build.0 = Debug|Any CPU
		{435A769D-0D06-4FDE-AB22-28F78B298216}.Release|Any CPU.ActiveCfg = Release|Any CPU
		{435A769D-0D06-4FDE-AB22-28F78B298216}.Release|Any CPU.Build.0 = Release|Any CPU
	EndGlobalSection
	GlobalSection(SolutionProperties) = preSolution
		HideSolutionNode = FALSE
	EndGlobalSection
	GlobalSection(ExtensibilityGlobals) = postSolution
		SolutionGuid = {A2590E16-8F05-4BCB-BD33-C381E95DA20F}
	EndGlobalSection
EndGlobal
